
Microsoft Visual Studio Solution File, Format Version 12.00
# Visual Studio 2015
Project("{FAE04EC0-301F-11D3-BF4B-00C04F79EFBC}") = "MicTest.CSharp", "MicTest.CSharp.csproj", "{7BB406A8-4199-F4DC-FF1F-A384E5F191CB}"
EndProject
Global
	GlobalSection(SolutionConfigurationPlatforms) = preSolution
		Debug|Any CPU = Debug|Any CPU
		Release|Any CPU = Release|Any CPU
	EndGlobalSection
	GlobalSection(ProjectConfigurationPlatforms) = postSolution
		{7BB406A8-4199-F4DC-FF1F-A384E5F191CB}.Debug|Any CPU.ActiveCfg = Debug|Any CPU
		{7BB406A8-4199-F4DC-FF1F-A384E5F191CB}.Debug|Any CPU.Build.0 = Debug|Any CPU
		{7BB406A8-4199-F4DC-FF1F-A384E5F191CB}.Release|Any CPU.ActiveCfg = Release|Any CPU
		{7BB406A8-4199-F4DC-FF1F-A384E5F191CB}.Release|Any CPU.Build.0 = Release|Any CPU
	EndGlobalSection
	GlobalSection(SolutionProperties) = preSolution
		HideSolutionNode = FALSE
	EndGlobalSection
EndGlobal
